
Microsoft Visual Studio Solution File, Format Version 12.00
# Visual Studio Version 17
VisualStudioVersion = 17.10.35004.147
MinimumVisualStudioVersion = 10.0.40219.1
Project("{FAE04EC0-301F-11D3-BF4B-00C04F79EFBC}") = "PDFHighlighter", "PDFHighlighter\PDFHighlighter.csproj", "{49E49C4D-5335-4B89-9B2F-49DD612DBF60}"
EndProject
Global
	GlobalSection(SolutionConfigurationPlatforms) = preSolution
		Debug|Any CPU = Debug|Any CPU
		Release|Any CPU = Release|Any CPU
	EndGlobalSection
	GlobalSection(ProjectConfigurationPlatforms) = postSolution
		{49E49C4D-5335-4B89-9B2F-49DD612DBF60}.Debug|Any CPU.ActiveCfg = Debug|Any CPU
		{49E49C4D-5335-4B89-9B2F-49DD612DBF60}.Debug|Any CPU.Build.0 = Debug|Any CPU
		{49E49C4D-5335-4B89-9B2F-49DD612DBF60}.Release|Any CPU.ActiveCfg = Release|Any CPU
		{49E49C4D-5335-4B89-9B2F-49DD612DBF60}.Release|Any CPU.Build.0 = Release|Any CPU
	EndGlobalSection
	GlobalSection(SolutionProperties) = preSolution
		HideSolutionNode = FALSE
	EndGlobalSection
	GlobalSection(ExtensibilityGlobals) = postSolution
		SolutionGuid = {7A2932B9-BC5F-457C-B5C5-B5EAAEB416D6}
	EndGlobalSection
EndGlobal
